# @generated by Move, please check-in and do not edit manually.

[move]
version = 0
manifest_digest = "E21086DA25238E3C07F19D25A233DC28C46A3D37D17E59DB7576C391F4ABFB2F"
deps_digest = "3C4103934B1E040BB6B23F1D610B4EF9F2F1166A50A104EADCF77467C004C600"

dependencies = [
  { name = "Sui" },
  { name = "SuiSystem" },
]

[[move.package]]
name = "MoveStdlib"
source = { git = "https://github.com/MystenLabs/sui.git", rev = "framework/devnet", subdir = "crates/sui-framework/packages/move-stdlib" }

[[move.package]]
name = "Sui"
source = { git = "https://github.com/MystenLabs/sui.git", rev = "framework/devnet", subdir = "crates/sui-framework/packages/sui-framework" }

dependencies = [
  { name = "MoveStdlib" },
]

[[move.package]]
name = "SuiSystem"
source = { git = "https://github.com/MystenLabs/sui.git", rev = "framework/devnet", subdir = "crates/sui-framework/packages/sui-system" }

dependencies = [
  { name = "MoveStdlib" },
  { name = "Sui" },
]
