# @generated by Move, please check-in and do not edit manually.

[move]
version = 0
manifest_digest = "E21086DA25238E3C07F19D25A233DC28C46A3D37D17E59DB7576C391F4ABFB2F"
deps_digest = "02F705743EACD2B87593E02505A1698EEE4D7068B55450C2B0FC411625D1499F"

dependencies = [
  { name = "Sui" },
  { name = "SuiSystem" },
]

[[move.package]]
name = "MoveStdlib"
source = { git = "https://github.com/MystenLabs/sui.git", rev = "framework/devnet", subdir = "crates/sui-framework/packages/move-stdlib" }

[[move.package]]
name = "Sui"
source = { git = "https://github.com/MystenLabs/sui.git", rev = "framework/devnet", subdir = "crates/sui-framework/packages/sui-framework" }

dependencies = [
  { name = "MoveStdlib" },
]

[[move.package]]
name = "SuiSystem"
source = { git = "https://github.com/MystenLabs/sui.git", rev = "framework/devnet", subdir = "crates/sui-framework/packages/sui-system" }

dependencies = [
  { name = "MoveStdlib" },
  { name = "Sui" },
]
